
Microsoft Visual Studio Solution File, Format Version 12.00
# Visual Studio 14
VisualStudioVersion = 14.0.25420.1
MinimumVisualStudioVersion = 10.0.40219.1
Project("{FAE04EC0-301F-11D3-BF4B-00C04F79EFBC}") = "WebApp", "WebApp\WebApp.csproj", "{7115AEB5-23A2-4E47-ADC9-3C64FDE6FB75}"
EndProject
Project("{FAE04EC0-301F-11D3-BF4B-00C04F79EFBC}") = "FilaShop", "FilaShop\FilaShop.csproj", "{CAE9155B-60C1-4447-A3CB-FCBB69572144}"
EndProject
Project("{FAE04EC0-301F-11D3-BF4B-00C04F79EFBC}") = "Common", "Comman\Common.csproj", "{7915859F-E7AD-46D1-B970-EFE086C0E2B2}"
EndProject
Project("{FAE04EC0-301F-11D3-BF4B-00C04F79EFBC}") = "AddOrderNumber", "AddOrderNumber\AddOrderNumber.csproj", "{21D3CE78-6267-4D16-862D-FAE4BCE34B71}"
EndProject
Global
	GlobalSection(SolutionConfigurationPlatforms) = preSolution
		Debug|Any CPU = Debug|Any CPU
		Release|Any CPU = Release|Any CPU
	EndGlobalSection
	GlobalSection(ProjectConfigurationPlatforms) = postSolution
		{7115AEB5-23A2-4E47-ADC9-3C64FDE6FB75}.Debug|Any CPU.ActiveCfg = Debug|Any CPU
		{7115AEB5-23A2-4E47-ADC9-3C64FDE6FB75}.Debug|Any CPU.Build.0 = Debug|Any CPU
		{7115AEB5-23A2-4E47-ADC9-3C64FDE6FB75}.Release|Any CPU.ActiveCfg = Release|Any CPU
		{7115AEB5-23A2-4E47-ADC9-3C64FDE6FB75}.Release|Any CPU.Build.0 = Release|Any CPU
		{CAE9155B-60C1-4447-A3CB-FCBB69572144}.Debug|Any CPU.ActiveCfg = Debug|Any CPU
		{CAE9155B-60C1-4447-A3CB-FCBB69572144}.Debug|Any CPU.Build.0 = Debug|Any CPU
		{CAE9155B-60C1-4447-A3CB-FCBB69572144}.Release|Any CPU.ActiveCfg = Release|Any CPU
		{CAE9155B-60C1-4447-A3CB-FCBB69572144}.Release|Any CPU.Build.0 = Release|Any CPU
		{7915859F-E7AD-46D1-B970-EFE086C0E2B2}.Debug|Any CPU.ActiveCfg = Debug|Any CPU
		{7915859F-E7AD-46D1-B970-EFE086C0E2B2}.Debug|Any CPU.Build.0 = Debug|Any CPU
		{7915859F-E7AD-46D1-B970-EFE086C0E2B2}.Release|Any CPU.ActiveCfg = Release|Any CPU
		{7915859F-E7AD-46D1-B970-EFE086C0E2B2}.Release|Any CPU.Build.0 = Release|Any CPU
		{21D3CE78-6267-4D16-862D-FAE4BCE34B71}.Debug|Any CPU.ActiveCfg = Debug|Any CPU
		{21D3CE78-6267-4D16-862D-FAE4BCE34B71}.Debug|Any CPU.Build.0 = Debug|Any CPU
		{21D3CE78-6267-4D16-862D-FAE4BCE34B71}.Release|Any CPU.ActiveCfg = Release|Any CPU
		{21D3CE78-6267-4D16-862D-FAE4BCE34B71}.Release|Any CPU.Build.0 = Release|Any CPU
	EndGlobalSection
	GlobalSection(SolutionProperties) = preSolution
		HideSolutionNode = FALSE
	EndGlobalSection
EndGlobal
